
Microsoft Visual Studio Solution File, Format Version 12.00
# Visual Studio 15
VisualStudioVersion = 15.0.28010.2016
MinimumVisualStudioVersion = 10.0.40219.1
Project("{8BC9CEB8-8B4A-11D0-8D11-00A0C91BC942}") = "Day 4", "Day 4.vcxproj", "{1DB6515F-9F96-49AC-B1C2-EE9CEB177FEB}"
EndProject
Global
	GlobalSection(SolutionConfigurationPlatforms) = preSolution
		Debug|x64 = Debug|x64
		Debug|x86 = Debug|x86
		Release|x64 = Release|x64
		Release|x86 = Release|x86
	EndGlobalSection
	GlobalSection(ProjectConfigurationPlatforms) = postSolution
		{1DB6515F-9F96-49AC-B1C2-EE9CEB177FEB}.Debug|x64.ActiveCfg = Debug|x64
		{1DB6515F-9F96-49AC-B1C2-EE9CEB177FEB}.Debug|x64.Build.0 = Debug|x64
		{1DB6515F-9F96-49AC-B1C2-EE9CEB177FEB}.Debug|x86.ActiveCfg = Debug|Win32
		{1DB6515F-9F96-49AC-B1C2-EE9CEB177FEB}.Debug|x86.Build.0 = Debug|Win32
		{1DB6515F-9F96-49AC-B1C2-EE9CEB177FEB}.Release|x64.ActiveCfg = Release|x64
		{1DB6515F-9F96-49AC-B1C2-EE9CEB177FEB}.Release|x64.Build.0 = Release|x64
		{1DB6515F-9F96-49AC-B1C2-EE9CEB177FEB}.Release|x86.ActiveCfg = Release|Win32
		{1DB6515F-9F96-49AC-B1C2-EE9CEB177FEB}.Release|x86.Build.0 = Release|Win32
	EndGlobalSection
	GlobalSection(SolutionProperties) = preSolution
		HideSolutionNode = FALSE
	EndGlobalSection
	GlobalSection(ExtensibilityGlobals) = postSolution
		SolutionGuid = {94AC69CD-9571-492C-9C2F-388D3CA90031}
	EndGlobalSection
EndGlobal
